PODS:
  - boost-for-react-native (1.63.0)
  - DoubleConversion (1.1.5)
  - Folly (2018.10.22.00):
    - boost-for-react-native
    - DoubleConversion
    - glog
  - glog (0.3.4)
  - React/Core (0.59.4):
    - yoga (= 0.59.4.React)
  - React/CxxBridge (0.59.4):
    - Folly (= 2018.10.22.00)
    - React/Core
    - React/cxxreact
    - React/jsiexecutor
  - React/cxxreact (0.59.4):
    - boost-for-react-native (= 1.63.0)
    - DoubleConversion
    - Folly (= 2018.10.22.00)
    - glog
    - React/jsinspector
  - React/DevSupport (0.59.4):
    - React/Core
    - React/RCTWebSocket
  - React/fishhook (0.59.4)
  - React/jsi (0.59.4):
    - DoubleConversion
    - Folly (= 2018.10.22.00)
    - glog
  - React/jsiexecutor (0.59.4):
    - DoubleConversion
    - Folly (= 2018.10.22.00)
    - glog
    - React/cxxreact
    - React/jsi
  - React/jsinspector (0.59.4)
  - React/RCTBlob (0.59.4):
    - React/Core
  - React/RCTImage (0.59.4):
    - React/Core
    - React/RCTNetwork
  - React/RCTNetwork (0.59.4):
    - React/Core
  - React/RCTText (0.59.4):
    - React/Core
  - React/RCTWebSocket (0.59.4):
    - React/Core
    - React/fishhook
    - React/RCTBlob
  - yoga (0.59.4.React)

DEPENDENCIES:
  - Folly (from `../node_modules/react-native/third-party-podspecs/Folly.podspec`)
  - React/Core (from `../node_modules/react-native`)
  - React/CxxBridge (from `../node_modules/react-native`)
  - React/DevSupport (from `../node_modules/react-native`)
  - React/RCTImage (from `../node_modules/react-native`)
  - React/RCTNetwork (from `../node_modules/react-native`)
  - React/RCTText (from `../node_modules/react-native`)
  - React/RCTWebSocket (from `../node_modules/react-native`)
  - yoga (from `../node_modules/react-native/ReactCommon/yoga`)

SPEC REPOS:
  https://github.com/cocoapods/specs.git:
    - boost-for-react-native
    - DoubleConversion
    - glog

EXTERNAL SOURCES:
  Folly:
    :podspec: "../node_modules/react-native/third-party-podspecs/Folly.podspec"
  React:
    :path: "../node_modules/react-native"
  yoga:
    :path: "../node_modules/react-native/ReactCommon/yoga"

SPEC CHECKSUMS:
  boost-for-react-native: 39c7adb57c4e60d6c5479dd8623128eb5b3f0f2c
  DoubleConversion: e22e0762848812a87afd67ffda3998d9ef29170c
  Folly: de497beb10f102453a1afa9edbf8cf8a251890de
  glog: 1de0bb937dccdc981596d3b5825ebfb765017ded
  React: 5cb71fb1a15b5ce04794ab49e24b48ebe4c94e65
  yoga: 596e61c9b57751d08a22b07aba310dbd3e65ab75

PODFILE CHECKSUM: 8c424be3397aef7eac2a983ff11d842001134a8d

COCOAPODS: 1.6.0
